PODS:
  - connectivity (0.0.1):
    - Flutter
    - Reachability
  - device_info_plus (0.0.1):
    - Flutter
  - DKImagePickerController/Core (4.3.4):
    - DKImagePickerController/ImageDataManager
    - DKImagePickerController/Resource
  - DKImagePickerController/ImageDataManager (4.3.4)
  - DKImagePickerController/PhotoGallery (4.3.4):
    - DKImagePickerController/Core
    - DKPhotoGallery
  - DKImagePickerController/Resource (4.3.4)
  - DKPhotoGallery (0.0.17):
    - DKPhotoGallery/Core (= 0.0.17)
    - DKPhotoGallery/Model (= 0.0.17)
    - DKPhotoGallery/Preview (= 0.0.17)
    - DKPhotoGallery/Resource (= 0.0.17)
    - SDWebImage
    - SwiftyGif
  - DKPhotoGallery/Core (0.0.17):
    - DKPhotoGallery/Model
    - DKPhotoGallery/Preview
    - SDWebImage
    - SwiftyGif
  - DKPhotoGallery/Model (0.0.17):
    - SDWebImage
    - SwiftyGif
  - DKPhotoGallery/Preview (0.0.17):
    - DKPhotoGallery/Model
    - DKPhotoGallery/Resource
    - SDWebImage
    - SwiftyGif
  - DKPhotoGallery/Resource (0.0.17):
    - SDWebImage
    - SwiftyGif
  - file_picker (0.0.1):
    - DKImagePickerController/PhotoGallery
    - Flutter
  - Flutter (1.0.0)
  - NECoreIMKit (9.5.1):
    - NECoreKit
    - NIMSDK_LITE (>= 9.6.4)
    - YXAlog (= 1.0.7)
  - NECoreKit (9.5.1):
    - YXAlog (= 1.0.7)
  - NEDyldYuv (0.0.1)
  - NERoomKit (1.17.0):
    - NECoreIMKit (>= 9.3.2)
    - NECoreKit (>= 9.3.2)
    - NERoomKit/Audio (= 1.17.0)
    - NERoomKit/Base (= 1.17.0)
    - NERoomKit/Beauty (= 1.17.0)
    - NERoomKit/ScreenShare (= 1.17.0)
    - NERoomKit/Segment (= 1.17.0)
  - NERoomKit/Audio (1.17.0):
    - NECoreIMKit (>= 9.3.2)
    - NECoreKit (>= 9.3.2)
    - NERtcSDK/AiDenoise (= 5.3.7)
    - NERtcSDK/AiHowling (= 5.3.7)
    - NERtcSDK/Nenn (= 5.3.7)
  - NERoomKit/Base (1.17.0):
    - NECoreIMKit (>= 9.3.2)
    - NECoreKit (>= 9.3.2)
    - NERtcSDK/RtcBasic (= 5.3.7)
    - NIMSDK_LITE (= 9.10.0)
  - NERoomKit/Beauty (1.17.0):
    - NECoreIMKit (>= 9.3.2)
    - NECoreKit (>= 9.3.2)
    - NERtcSDK/Beauty (= 5.3.7)
    - NERtcSDK/FaceDetect (= 5.3.7)
    - NERtcSDK/Nenn (= 5.3.7)
  - NERoomKit/ScreenShare (1.17.0):
    - NECoreIMKit (>= 9.3.2)
    - NECoreKit (>= 9.3.2)
    - NERtcSDK/ScreenShare (= 5.3.7)
  - NERoomKit/Segment (1.17.0):
    - NECoreIMKit (>= 9.3.2)
    - NECoreKit (>= 9.3.2)
    - NERtcSDK/Nenn (= 5.3.7)
    - NERtcSDK/Segment (= 5.3.7)
  - NERtcSDK/AiDenoise (5.3.7)
  - NERtcSDK/AiHowling (5.3.7)
  - NERtcSDK/Beauty (5.3.7)
  - NERtcSDK/FaceDetect (5.3.7)
  - NERtcSDK/Nenn (5.3.7)
  - NERtcSDK/RtcBasic (5.3.7)
  - NERtcSDK/ScreenShare (5.3.7)
  - NERtcSDK/Segment (5.3.7)
  - netease_meeting_ui (0.0.1):
    - Flutter
    - YXAlog
  - netease_roomkit (0.0.1):
    - Flutter
    - NEDyldYuv (= 0.0.1)
    - NERoomKit (= 1.17.0)
    - YXAlog
  - NIMSDK_LITE (9.10.0):
    - NIMSDK_LITE/NOS (= 9.10.0)
  - NIMSDK_LITE/NOS (9.10.0)
  - nos (0.0.1):
    - Flutter
  - open_filex (0.0.2):
    - Flutter
  - package_info (0.0.1):
    - Flutter
  - path_provider_ios (0.0.1):
    - Flutter
  - permission_handler_apple (9.0.4):
    - Flutter
  - Reachability (3.2)
  - SDWebImage (5.15.2):
    - SDWebImage/Core (= 5.15.2)
  - SDWebImage/Core (5.15.2)
  - shared_preferences_ios (0.0.1):
    - Flutter
  - SwiftyGif (5.4.4)
  - url_launcher_ios (0.0.1):
    - Flutter
  - wakelock (0.0.1):
    - Flutter
  - webview_flutter_wkwebview (0.0.1):
    - Flutter
  - yunxin_alog (0.0.1):
    - Flutter
    - YXAlog (~> 1.0.7)
  - YXAlog (1.0.7)

DEPENDENCIES:
  - connectivity (from `.symlinks/plugins/connectivity/ios`)
  - device_info_plus (from `.symlinks/plugins/device_info_plus/ios`)
  - file_picker (from `.symlinks/plugins/file_picker/ios`)
  - Flutter (from `Flutter`)
  - NEDyldYuv
  - NERoomKit/ScreenShare
  - netease_meeting_ui (from `.symlinks/plugins/netease_meeting_ui/ios`)
  - netease_roomkit (from `.symlinks/plugins/netease_roomkit/ios`)
  - nos (from `.symlinks/plugins/nos/ios`)
  - open_filex (from `.symlinks/plugins/open_filex/ios`)
  - package_info (from `.symlinks/plugins/package_info/ios`)
  - path_provider_ios (from `.symlinks/plugins/path_provider_ios/ios`)
  - permission_handler_apple (from `.symlinks/plugins/permission_handler_apple/ios`)
  - shared_preferences_ios (from `.symlinks/plugins/shared_preferences_ios/ios`)
  - url_launcher_ios (from `.symlinks/plugins/url_launcher_ios/ios`)
  - wakelock (from `.symlinks/plugins/wakelock/ios`)
  - webview_flutter_wkwebview (from `.symlinks/plugins/webview_flutter_wkwebview/ios`)
  - yunxin_alog (from `.symlinks/plugins/yunxin_alog/ios`)

SPEC REPOS:
  https://github.com/CocoaPods/Specs.git:
    - DKImagePickerController
    - DKPhotoGallery
    - NECoreIMKit
    - NECoreKit
    - NEDyldYuv
    - NERoomKit
    - NERtcSDK
    - NIMSDK_LITE
    - Reachability
    - SDWebImage
    - SwiftyGif
    - YXAlog

EXTERNAL SOURCES:
  connectivity:
    :path: ".symlinks/plugins/connectivity/ios"
  device_info_plus:
    :path: ".symlinks/plugins/device_info_plus/ios"
  file_picker:
    :path: ".symlinks/plugins/file_picker/ios"
  Flutter:
    :path: Flutter
  netease_meeting_ui:
    :path: ".symlinks/plugins/netease_meeting_ui/ios"
  netease_roomkit:
    :path: ".symlinks/plugins/netease_roomkit/ios"
  nos:
    :path: ".symlinks/plugins/nos/ios"
  open_filex:
    :path: ".symlinks/plugins/open_filex/ios"
  package_info:
    :path: ".symlinks/plugins/package_info/ios"
  path_provider_ios:
    :path: ".symlinks/plugins/path_provider_ios/ios"
  permission_handler_apple:
    :path: ".symlinks/plugins/permission_handler_apple/ios"
  shared_preferences_ios:
    :path: ".symlinks/plugins/shared_preferences_ios/ios"
  url_launcher_ios:
    :path: ".symlinks/plugins/url_launcher_ios/ios"
  wakelock:
    :path: ".symlinks/plugins/wakelock/ios"
  webview_flutter_wkwebview:
    :path: ".symlinks/plugins/webview_flutter_wkwebview/ios"
  yunxin_alog:
    :path: ".symlinks/plugins/yunxin_alog/ios"

SPEC CHECKSUMS:
  connectivity: c4130b2985d4ef6fd26f9702e886bd5260681467
  device_info_plus: e5c5da33f982a436e103237c0c85f9031142abed
  DKImagePickerController: b512c28220a2b8ac7419f21c491fc8534b7601ac
  DKPhotoGallery: fdfad5125a9fdda9cc57df834d49df790dbb4179
  file_picker: ce3938a0df3cc1ef404671531facef740d03f920
  Flutter: 50d75fe2f02b26cc09d224853bb45737f8b3214a
  NECoreIMKit: 63c4f566e51f3e31e753ed781b44447a7a46901d
  NECoreKit: 4ba35565264cb71d9b26a70a4021cb966e41790d
  NEDyldYuv: 6b47adff16186768bf2f8b165697fdee8e94d7ac
  NERoomKit: 3247f360c8e83fc2c745171f948b7c5d7854d38d
  NERtcSDK: 069bf7073595207cc6b1712be2cbbc0c462ffd65
  netease_meeting_ui: 7307f3c7f1bc85bfe718be852aa25f079468000b
  netease_roomkit: a354e1e6c22a9d4af98ed5bef7318bc3738f9853
  NIMSDK_LITE: 95693c8be89a4ad8867b7d9935b7639ab3fe8caa
  nos: e45d078df0d039a6b72c7cbf975010b89954d7d5
  open_filex: 6e26e659846ec990262224a12ef1c528bb4edbe4
  package_info: 873975fc26034f0b863a300ad47e7f1ac6c7ec62
  path_provider_ios: 14f3d2fd28c4fdb42f44e0f751d12861c43cee02
  permission_handler_apple: 44366e37eaf29454a1e7b1b7d736c2cceaeb17ce
  Reachability: 33e18b67625424e47b6cde6d202dce689ad7af96
  SDWebImage: 8ab87d4b3e5cc4927bd47f78db6ceb0b94442577
  shared_preferences_ios: 548a61f8053b9b8a49ac19c1ffbc8b92c50d68ad
  SwiftyGif: 93a1cc87bf3a51916001cf8f3d63835fb64c819f
  url_launcher_ios: ae1517e5e344f5544fb090b079e11f399dfbe4d2
  wakelock: d0fc7c864128eac40eba1617cb5264d9c940b46f
  webview_flutter_wkwebview: b7e70ef1ddded7e69c796c7390ee74180182971f
  yunxin_alog: c5532d2a6ab378baef9927fcae5ab19fe36c1103
  YXAlog: ac9bab3aff1326caa72cc25aedc358bc8d4f1b31

PODFILE CHECKSUM: 98ecd4315a4ef59d6cbf9c40fbc2c3fbd05a2f49

COCOAPODS: 1.11.2
