PODS:
  - connectivity (0.0.1):
    - Flutter
    - Reachability
  - device_info_plus (0.0.1):
    - Flutter
  - DKImagePickerController/Core (4.3.4):
    - DKImagePickerController/ImageDataManager
    - DKImagePickerController/Resource
  - DKImagePickerController/ImageDataManager (4.3.4)
  - DKImagePickerController/PhotoGallery (4.3.4):
    - DKImagePickerController/Core
    - DKPhotoGallery
  - DKImagePickerController/Resource (4.3.4)
  - DKPhotoGallery (0.0.17):
    - DKPhotoGallery/Core (= 0.0.17)
    - DKPhotoGallery/Model (= 0.0.17)
    - DKPhotoGallery/Preview (= 0.0.17)
    - DKPhotoGallery/Resource (= 0.0.17)
    - SDWebImage
    - SwiftyGif
  - DKPhotoGallery/Core (0.0.17):
    - DKPhotoGallery/Model
    - DKPhotoGallery/Preview
    - SDWebImage
    - SwiftyGif
  - DKPhotoGallery/Model (0.0.17):
    - SDWebImage
    - SwiftyGif
  - DKPhotoGallery/Preview (0.0.17):
    - DKPhotoGallery/Model
    - DKPhotoGallery/Resource
    - SDWebImage
    - SwiftyGif
  - DKPhotoGallery/Resource (0.0.17):
    - SDWebImage
    - SwiftyGif
  - file_picker (0.0.1):
    - DKImagePickerController/PhotoGallery
    - Flutter
  - Flutter (1.0.0)
  - NECoreIMKit (9.6.1):
    - NECoreIMKit/NOS (= 9.6.1)
  - NECoreIMKit/NOS (9.6.1):
    - NECoreKit
    - NIMSDK_LITE (>= 9.11.0)
    - YXAlog
  - NECoreKit (9.6.3):
    - YXAlog (= 1.0.7)
  - NEDyldYuv (0.0.1)
  - NERoomKit (1.21.1):
    - NECoreIMKit (>= 9.6.1)
    - NECoreKit (>= 9.6.3)
    - NERoomKit/Audio (= 1.21.1)
    - NERoomKit/Base (= 1.21.1)
    - NERoomKit/Beauty (= 1.21.1)
    - NERoomKit/ScreenShare (= 1.21.1)
    - NERoomKit/Segment (= 1.21.1)
    - NERoomKit/Video (= 1.21.1)
  - NERoomKit/Audio (1.21.1):
    - NECoreIMKit (>= 9.6.1)
    - NECoreKit (>= 9.6.3)
    - NERtcSDK_Special/AiDenoise (= 5.5.203)
    - NERtcSDK_Special/AiHowling (= 5.5.203)
    - NERtcSDK_Special/Nenn (= 5.5.203)
    - NERtcSDK_Special/SpatialSound (= 5.5.203)
  - NERoomKit/Base (1.21.1):
    - NECoreIMKit (>= 9.6.1)
    - NECoreKit (>= 9.6.3)
    - NERtcSDK_Special/RtcBasic (= 5.5.203)
    - NIMSDK_LITE (= 9.12.0)
  - NERoomKit/Beauty (1.21.1):
    - NECoreIMKit (>= 9.6.1)
    - NECoreKit (>= 9.6.3)
    - NERtcSDK_Special/Beauty (= 5.5.203)
    - NERtcSDK_Special/FaceDetect (= 5.5.203)
    - NERtcSDK_Special/FaceEnhance (= 5.5.203)
    - NERtcSDK_Special/Nenn (= 5.5.203)
  - NERoomKit/ScreenShare (1.21.1):
    - NECoreIMKit (>= 9.6.1)
    - NECoreKit (>= 9.6.3)
    - NERtcSDK_Special/ScreenShare (= 5.5.203)
  - NERoomKit/Segment (1.21.1):
    - NECoreIMKit (>= 9.6.1)
    - NECoreKit (>= 9.6.3)
    - NERtcSDK_Special/Nenn (= 5.5.203)
    - NERtcSDK_Special/Segment (= 5.5.203)
  - NERoomKit/Video (1.21.1):
    - NECoreIMKit (>= 9.6.1)
    - NECoreKit (>= 9.6.3)
    - NERtcSDK_Special/SuperResolution (= 5.5.203)
    - NERtcSDK_Special/VideoDenoise (= 5.5.203)
  - NERtcSDK_Special/AiDenoise (5.5.203)
  - NERtcSDK_Special/AiHowling (5.5.203)
  - NERtcSDK_Special/Beauty (5.5.203)
  - NERtcSDK_Special/FaceDetect (5.5.203)
  - NERtcSDK_Special/FaceEnhance (5.5.203)
  - NERtcSDK_Special/Nenn (5.5.203)
  - NERtcSDK_Special/RtcBasic (5.5.203)
  - NERtcSDK_Special/ScreenShare (5.5.203)
  - NERtcSDK_Special/Segment (5.5.203)
  - NERtcSDK_Special/SpatialSound (5.5.203)
  - NERtcSDK_Special/SuperResolution (5.5.203)
  - NERtcSDK_Special/VideoDenoise (5.5.203)
  - netease_meeting_ui (0.0.1):
    - Flutter
    - NEDyldYuv
    - NERoomKit (= 1.21.1)
    - YXAlog
  - netease_roomkit (0.0.1):
    - Flutter
    - NEDyldYuv (= 0.0.1)
    - NERoomKit (= 1.21.1)
    - YXAlog
  - NIMSDK_LITE (9.12.0):
    - NIMSDK_LITE/NOS (= 9.12.0)
    - YXArtemis
  - NIMSDK_LITE/NOS (9.12.0):
    - YXArtemis
  - open_filex (0.0.2):
    - Flutter
  - package_info (0.0.1):
    - Flutter
  - path_provider_ios (0.0.1):
    - Flutter
  - permission_handler_apple (9.0.4):
    - Flutter
  - Reachability (3.2)
  - SDWebImage (5.17.0):
    - SDWebImage/Core (= 5.17.0)
  - SDWebImage/Core (5.17.0)
  - shared_preferences_ios (0.0.1):
    - Flutter
  - SwiftyGif (5.4.4)
  - url_launcher_ios (0.0.1):
    - Flutter
  - wakelock (0.0.1):
    - Flutter
  - webview_flutter_wkwebview (0.0.1):
    - Flutter
  - yunxin_alog (0.0.1):
    - Flutter
    - YXAlog (~> 1.0.7)
  - YXAlog (1.0.7)
  - YXArtemis (1.1.0)

DEPENDENCIES:
  - connectivity (from `.symlinks/plugins/connectivity/ios`)
  - device_info_plus (from `.symlinks/plugins/device_info_plus/ios`)
  - file_picker (from `.symlinks/plugins/file_picker/ios`)
  - Flutter (from `Flutter`)
  - NEDyldYuv
  - NERoomKit/ScreenShare
  - netease_meeting_ui (from `.symlinks/plugins/netease_meeting_ui/ios`)
  - netease_roomkit (from `.symlinks/plugins/netease_roomkit/ios`)
  - open_filex (from `.symlinks/plugins/open_filex/ios`)
  - package_info (from `.symlinks/plugins/package_info/ios`)
  - path_provider_ios (from `.symlinks/plugins/path_provider_ios/ios`)
  - permission_handler_apple (from `.symlinks/plugins/permission_handler_apple/ios`)
  - shared_preferences_ios (from `.symlinks/plugins/shared_preferences_ios/ios`)
  - url_launcher_ios (from `.symlinks/plugins/url_launcher_ios/ios`)
  - wakelock (from `.symlinks/plugins/wakelock/ios`)
  - webview_flutter_wkwebview (from `.symlinks/plugins/webview_flutter_wkwebview/ios`)
  - yunxin_alog (from `.symlinks/plugins/yunxin_alog/ios`)

SPEC REPOS:
  https://github.com/CocoaPods/Specs.git:
    - DKImagePickerController
    - DKPhotoGallery
    - NECoreIMKit
    - NECoreKit
    - NEDyldYuv
    - NERoomKit
    - NERtcSDK_Special
    - NIMSDK_LITE
    - Reachability
    - SDWebImage
    - SwiftyGif
    - YXAlog
    - YXArtemis

EXTERNAL SOURCES:
  connectivity:
    :path: ".symlinks/plugins/connectivity/ios"
  device_info_plus:
    :path: ".symlinks/plugins/device_info_plus/ios"
  file_picker:
    :path: ".symlinks/plugins/file_picker/ios"
  Flutter:
    :path: Flutter
  netease_meeting_ui:
    :path: ".symlinks/plugins/netease_meeting_ui/ios"
  netease_roomkit:
    :path: ".symlinks/plugins/netease_roomkit/ios"
  open_filex:
    :path: ".symlinks/plugins/open_filex/ios"
  package_info:
    :path: ".symlinks/plugins/package_info/ios"
  path_provider_ios:
    :path: ".symlinks/plugins/path_provider_ios/ios"
  permission_handler_apple:
    :path: ".symlinks/plugins/permission_handler_apple/ios"
  shared_preferences_ios:
    :path: ".symlinks/plugins/shared_preferences_ios/ios"
  url_launcher_ios:
    :path: ".symlinks/plugins/url_launcher_ios/ios"
  wakelock:
    :path: ".symlinks/plugins/wakelock/ios"
  webview_flutter_wkwebview:
    :path: ".symlinks/plugins/webview_flutter_wkwebview/ios"
  yunxin_alog:
    :path: ".symlinks/plugins/yunxin_alog/ios"

SPEC CHECKSUMS:
  connectivity: c4130b2985d4ef6fd26f9702e886bd5260681467
  device_info_plus: e5c5da33f982a436e103237c0c85f9031142abed
  DKImagePickerController: b512c28220a2b8ac7419f21c491fc8534b7601ac
  DKPhotoGallery: fdfad5125a9fdda9cc57df834d49df790dbb4179
  file_picker: ce3938a0df3cc1ef404671531facef740d03f920
  Flutter: f04841e97a9d0b0a8025694d0796dd46242b2854
  NECoreIMKit: 194fb31c7c5e6aa35ef59b7ba493904ad4930ce4
  NECoreKit: a7eb26db57d6e5b3d6317da26f65f8a6804891e9
  NEDyldYuv: 6b47adff16186768bf2f8b165697fdee8e94d7ac
  NERoomKit: da89317e05b2fbd15b077e9055258d686ac0ce1f
  NERtcSDK_Special: 1865e8184d970937bf5c56e7f32bcb095aea2dbd
  netease_meeting_ui: 8576ea1e0471b441f6d2feeba7375553e4d9d8a0
  netease_roomkit: 587c5f0917a0bcf49f96c9402012706d4efab3db
  NIMSDK_LITE: f1a026f9df4f2cecab7c2ea9a9b2102a115440bf
  open_filex: 6e26e659846ec990262224a12ef1c528bb4edbe4
  package_info: 873975fc26034f0b863a300ad47e7f1ac6c7ec62
  path_provider_ios: 14f3d2fd28c4fdb42f44e0f751d12861c43cee02
  permission_handler_apple: 44366e37eaf29454a1e7b1b7d736c2cceaeb17ce
  Reachability: 33e18b67625424e47b6cde6d202dce689ad7af96
  SDWebImage: 750adf017a315a280c60fde706ab1e552a3ae4e9
  shared_preferences_ios: 548a61f8053b9b8a49ac19c1ffbc8b92c50d68ad
  SwiftyGif: 93a1cc87bf3a51916001cf8f3d63835fb64c819f
  url_launcher_ios: ae1517e5e344f5544fb090b079e11f399dfbe4d2
  wakelock: d0fc7c864128eac40eba1617cb5264d9c940b46f
  webview_flutter_wkwebview: b7e70ef1ddded7e69c796c7390ee74180182971f
  yunxin_alog: c5532d2a6ab378baef9927fcae5ab19fe36c1103
  YXAlog: ac9bab3aff1326caa72cc25aedc358bc8d4f1b31
  YXArtemis: e9cedfafd67faff267c24f245063bac78c113e1c

PODFILE CHECKSUM: b1764d5de322d847dbf1dca60e8da97770b8c3b7

COCOAPODS: 1.11.3
