<?xml version="1.0" encoding="utf-8"?>
<Project ToolsVersion="16.0" xmlns="http://schemas.microsoft.com/developer/msbuild/2003">
  <ItemGroup>
    <ClCompile Include="..\..\nipclib\base\thread.cpp" />
    <ClCompile Include="..\..\nipclib\ipc\ipc_client.cpp" />
    <ClCompile Include="..\..\nipclib\ipc\ipc_server.cpp" />
    <ClCompile Include="..\..\nipclib\ipc\package\socket_data_warpper.cpp" />
    <ClCompile Include="..\..\nipclib\proxy_config\proxy_info.cpp" />
    <ClCompile Include="..\..\nipclib\socket\server_socket_wrapper.cpp" />
    <ClCompile Include="..\..\nipclib\socket\socket_wrapper.cpp" />
    <ClCompile Include="..\..\nipclib\socket\tcp_client_socket.cpp" />
  </ItemGroup>
  <ItemGroup>
    <Filter Include="Source Files">
      <UniqueIdentifier>{472C9C32-9593-3D44-BE15-068021FEE942}</UniqueIdentifier>
    </Filter>
  </ItemGroup>
</Project>